<?xml version="1.0" encoding="UTF-8" standalone="yes" ?>
<CodeBlocks_project_file>
	<FileVersion major="1" minor="6" />
	<Project>
		<Option title="Levi&apos;sMission" />
		<Option pch_mode="2" />
		<Option compiler="gcc" />
		<Build>
			<Target title="Debug">
				<Option output="bin/Debug/Levi&apos;sMission" prefix_auto="1" extension_auto="1" />
				<Option object_output="obj/Debug/" />
				<Option type="1" />
				<Option compiler="gcc" />
				<Compiler>
					<Add option="-g" />
				</Compiler>
				<Linker>
					<Add library="allegro/lib/liballegro_monolith.dll.a" />
				</Linker>
			</Target>
			<Target title="Release">
				<Option output="bin/Release/Levi&apos;sMission" prefix_auto="1" extension_auto="1" />
				<Option object_output="obj/Release/" />
				<Option type="1" />
				<Option compiler="gcc" />
				<Compiler>
					<Add option="-O2" />
				</Compiler>
				<Linker>
					<Add option="-s" />
					<Add library="allegro/lib/liballegro_monolith-debug.dll.a" />
				</Linker>
			</Target>
		</Build>
		<Compiler>
			<Add option="-Wall" />
			<Add option="-fexceptions" />
			<Add directory="allegro/include" />
		</Compiler>
		<Unit filename="GameWindow.cpp" />
		<Unit filename="GameWindow.h" />
		<Unit filename="frame.cpp" />
		<Unit filename="frame.h" />
		<Unit filename="frame2.cpp" />
		<Unit filename="frame2.h" />
		<Unit filename="game.h" />
		<Unit filename="global.cpp" />
		<Unit filename="global.h" />
		<Unit filename="item.cpp" />
		<Unit filename="item.h" />
		<Unit filename="levi.cpp" />
		<Unit filename="levi.h" />
		<Unit filename="main.cpp" />
		<Unit filename="main.h" />
		<Unit filename="menu.cpp" />
		<Unit filename="menu.h" />
		<Unit filename="story.cpp" />
		<Unit filename="story.h" />
		<Unit filename="story2.cpp" />
		<Unit filename="story2.h" />
		<Extensions>
			<lib_finder disable_auto="1" />
		</Extensions>
	</Project>
</CodeBlocks_project_file>
